
Microsoft Visual Studio Solution File, Format Version 12.00
# Visual Studio Version 17
VisualStudioVersion = 17.0.31808.319
MinimumVisualStudioVersion = 10.0.40219.1
Project("{FAE04EC0-301F-11D3-BF4B-00C04F79EFBC}") = "SimpleForth", "SimpleForth\SimpleForth.csproj", "{9E6779FC-0CD3-4F1E-AD73-EAD6690359F7}"
EndProject
Project("{FAE04EC0-301F-11D3-BF4B-00C04F79EFBC}") = "SimpleForthTest", "SimpleForthTest\SimpleForthTest.csproj", "{F406F2F7-A90F-45D7-99FE-918888334E2B}"
EndProject
Global
	GlobalSection(SolutionConfigurationPlatforms) = preSolution
		Debug|Any CPU = Debug|Any CPU
		Release|Any CPU = Release|Any CPU
	EndGlobalSection
	GlobalSection(ProjectConfigurationPlatforms) = postSolution
		{9E6779FC-0CD3-4F1E-AD73-EAD6690359F7}.Debug|Any CPU.ActiveCfg = Debug|Any CPU
		{9E6779FC-0CD3-4F1E-AD73-EAD6690359F7}.Debug|Any CPU.Build.0 = Debug|Any CPU
		{9E6779FC-0CD3-4F1E-AD73-EAD6690359F7}.Release|Any CPU.ActiveCfg = Release|Any CPU
		{9E6779FC-0CD3-4F1E-AD73-EAD6690359F7}.Release|Any CPU.Build.0 = Release|Any CPU
		{F406F2F7-A90F-45D7-99FE-918888334E2B}.Debug|Any CPU.ActiveCfg = Debug|Any CPU
		{F406F2F7-A90F-45D7-99FE-918888334E2B}.Debug|Any CPU.Build.0 = Debug|Any CPU
		{F406F2F7-A90F-45D7-99FE-918888334E2B}.Release|Any CPU.ActiveCfg = Release|Any CPU
		{F406F2F7-A90F-45D7-99FE-918888334E2B}.Release|Any CPU.Build.0 = Release|Any CPU
	EndGlobalSection
	GlobalSection(SolutionProperties) = preSolution
		HideSolutionNode = FALSE
	EndGlobalSection
	GlobalSection(ExtensibilityGlobals) = postSolution
		SolutionGuid = {74FF6CE3-CDF0-4BEF-A95C-E94D291C2EF1}
	EndGlobalSection
EndGlobal
